// !$*UTF8*$!
{
	archiveVersion = 1;
	classes = {
	};
	objectVersion = 56;
	objects = {

/* Begin PBXBuildFile section */
		076A966D29CDC54A00275299 /* LabelImageLabel.swift in Sources */ = {isa = PBXBuildFile; fileRef = 076A966C29CDC54A00275299 /* LabelImageLabel.swift */; };
		076A967129D016A200275299 /* BookAppointmentController.swift in Sources */ = {isa = PBXBuildFile; fileRef = 076A967029D016A200275299 /* BookAppointmentController.swift */; };
		076A967329D06AA800275299 /* EditPatientDetailsController.swift in Sources */ = {isa = PBXBuildFile; fileRef = 076A967229D06AA800275299 /* EditPatientDetailsController.swift */; };
		076A967529D162EE00275299 /* BookingConfirmedController.swift in Sources */ = {isa = PBXBuildFile; fileRef = 076A967429D162EE00275299 /* BookingConfirmedController.swift */; };
		076A967729D170AB00275299 /* AppointmentDetailsController.swift in Sources */ = {isa = PBXBuildFile; fileRef = 076A967629D170AB00275299 /* AppointmentDetailsController.swift */; };
		076A967929D1BA3F00275299 /* PayementController.swift in Sources */ = {isa = PBXBuildFile; fileRef = 076A967829D1BA3F00275299 /* PayementController.swift */; };
		076A967B29D1C2AA00275299 /* PaymentsCell.swift in Sources */ = {isa = PBXBuildFile; fileRef = 076A967A29D1C2AA00275299 /* PaymentsCell.swift */; };
		076A967D29D27BE300275299 /* BookAppointmentOfYourChoiceController.swift in Sources */ = {isa = PBXBuildFile; fileRef = 076A967C29D27BE300275299 /* BookAppointmentOfYourChoiceController.swift */; };
		076A968329D2D59B00275299 /* AllDepartmentsController.swift in Sources */ = {isa = PBXBuildFile; fileRef = 076A968229D2D59B00275299 /* AllDepartmentsController.swift */; };
		076A968529D2F60800275299 /* AllSymptomsController.swift in Sources */ = {isa = PBXBuildFile; fileRef = 076A968429D2F60800275299 /* AllSymptomsController.swift */; };
		076A968729D2FE9000275299 /* Symptoms.swift in Sources */ = {isa = PBXBuildFile; fileRef = 076A968629D2FE9000275299 /* Symptoms.swift */; };
		076A968B29D45F2D00275299 /* CancellationController.swift in Sources */ = {isa = PBXBuildFile; fileRef = 076A968A29D45F2D00275299 /* CancellationController.swift */; };
		076A968D29D526CF00275299 /* MobileStorage.swift in Sources */ = {isa = PBXBuildFile; fileRef = 076A968C29D526CF00275299 /* MobileStorage.swift */; };
		076A968F29D5282200275299 /* MobileDAO.swift in Sources */ = {isa = PBXBuildFile; fileRef = 076A968E29D5282200275299 /* MobileDAO.swift */; };
		076A969129D52E7300275299 /* ArticlesDetailedImageController.swift in Sources */ = {isa = PBXBuildFile; fileRef = 076A969029D52E7300275299 /* ArticlesDetailedImageController.swift */; };
		076A969329D55A7B00275299 /* FavouriteDoctorsController.swift in Sources */ = {isa = PBXBuildFile; fileRef = 076A969229D55A7B00275299 /* FavouriteDoctorsController.swift */; };
		076A969529D58DB200275299 /* ViewController.swift in Sources */ = {isa = PBXBuildFile; fileRef = 076A969429D58DB200275299 /* ViewController.swift */; };
		076A969729D59B6000275299 /* FavouriteView.swift in Sources */ = {isa = PBXBuildFile; fileRef = 076A969629D59B6000275299 /* FavouriteView.swift */; };
		076A969B29D675FB00275299 /* TitleAndCollectionView.swift in Sources */ = {isa = PBXBuildFile; fileRef = 076A969A29D675FB00275299 /* TitleAndCollectionView.swift */; };
		076A969D29D6A44F00275299 /* SearchResultsController.swift in Sources */ = {isa = PBXBuildFile; fileRef = 076A969C29D6A44F00275299 /* SearchResultsController.swift */; };
		076A96A129D725A700275299 /* AvailableDoctorsController.swift in Sources */ = {isa = PBXBuildFile; fileRef = 076A96A029D725A700275299 /* AvailableDoctorsController.swift */; };
		07D75D1D29B607480082A4A5 /* AppDelegate.swift in Sources */ = {isa = PBXBuildFile; fileRef = 07D75D1C29B607480082A4A5 /* AppDelegate.swift */; };
		07D75D1F29B607480082A4A5 /* SceneDelegate.swift in Sources */ = {isa = PBXBuildFile; fileRef = 07D75D1E29B607480082A4A5 /* SceneDelegate.swift */; };
		07D75D2129B607480082A4A5 /* DoctorProfileController.swift in Sources */ = {isa = PBXBuildFile; fileRef = 07D75D2029B607480082A4A5 /* DoctorProfileController.swift */; };
		07D75D2629B607490082A4A5 /* Assets.xcassets in Resources */ = {isa = PBXBuildFile; fileRef = 07D75D2529B607490082A4A5 /* Assets.xcassets */; };
		07D75D2929B607490082A4A5 /* LaunchScreen.storyboard in Resources */ = {isa = PBXBuildFile; fileRef = 07D75D2729B607490082A4A5 /* LaunchScreen.storyboard */; };
		07D75D3229B609910082A4A5 /* Admin.swift in Sources */ = {isa = PBXBuildFile; fileRef = 07D75D3129B609910082A4A5 /* Admin.swift */; };
		07D75D3429B60CAE0082A4A5 /* Appointment.swift in Sources */ = {isa = PBXBuildFile; fileRef = 07D75D3329B60CAE0082A4A5 /* Appointment.swift */; };
		07D75D3829B6127C0082A4A5 /* Bill.swift in Sources */ = {isa = PBXBuildFile; fileRef = 07D75D3729B6127C0082A4A5 /* Bill.swift */; };
		07D75D3A29B614150082A4A5 /* Cashier.swift in Sources */ = {isa = PBXBuildFile; fileRef = 07D75D3929B614150082A4A5 /* Cashier.swift */; };
		07D75D3C29B614970082A4A5 /* Patient.swift in Sources */ = {isa = PBXBuildFile; fileRef = 07D75D3B29B614970082A4A5 /* Patient.swift */; };
		07D75D3E29B615840082A4A5 /* Protocols.swift in Sources */ = {isa = PBXBuildFile; fileRef = 07D75D3D29B615840082A4A5 /* Protocols.swift */; };
		07D75D4029B6195C0082A4A5 /* Doctor.swift in Sources */ = {isa = PBXBuildFile; fileRef = 07D75D3F29B6195C0082A4A5 /* Doctor.swift */; };
		07D75D4229B61A5D0082A4A5 /* Report.swift in Sources */ = {isa = PBXBuildFile; fileRef = 07D75D4129B61A5D0082A4A5 /* Report.swift */; };
		07D75D4429B61B320082A4A5 /* Review.swift in Sources */ = {isa = PBXBuildFile; fileRef = 07D75D4329B61B320082A4A5 /* Review.swift */; };
		07D75D4829B61C600082A4A5 /* Enum.swift in Sources */ = {isa = PBXBuildFile; fileRef = 07D75D4729B61C600082A4A5 /* Enum.swift */; };
		07D75D4A29B623170082A4A5 /* Visitors.swift in Sources */ = {isa = PBXBuildFile; fileRef = 07D75D4929B623170082A4A5 /* Visitors.swift */; };
		07D75D4C29B624970082A4A5 /* Receptionist.swift in Sources */ = {isa = PBXBuildFile; fileRef = 07D75D4B29B624970082A4A5 /* Receptionist.swift */; };
		07D75D4F29B628620082A4A5 /* Storage.swift in Sources */ = {isa = PBXBuildFile; fileRef = 07D75D4E29B628620082A4A5 /* Storage.swift */; };
		07D75D5129B6F3140082A4A5 /* AppointmentDAO.swift in Sources */ = {isa = PBXBuildFile; fileRef = 07D75D5029B6F3140082A4A5 /* AppointmentDAO.swift */; };
		07D75D5329B704170082A4A5 /* BillDAO.swift in Sources */ = {isa = PBXBuildFile; fileRef = 07D75D5229B704170082A4A5 /* BillDAO.swift */; };
		07D75D5529B712600082A4A5 /* DoctorDAO.swift in Sources */ = {isa = PBXBuildFile; fileRef = 07D75D5429B712600082A4A5 /* DoctorDAO.swift */; };
		07D75D5729B71E850082A4A5 /* PatientDAO.swift in Sources */ = {isa = PBXBuildFile; fileRef = 07D75D5629B71E850082A4A5 /* PatientDAO.swift */; };
		07D75D5929B724860082A4A5 /* UserDAO.swift in Sources */ = {isa = PBXBuildFile; fileRef = 07D75D5829B724860082A4A5 /* UserDAO.swift */; };
		07D75D5B29B72F250082A4A5 /* VisitorDAO.swift in Sources */ = {isa = PBXBuildFile; fileRef = 07D75D5A29B72F250082A4A5 /* VisitorDAO.swift */; };
		07D75D5D29B734140082A4A5 /* CashierDAO.swift in Sources */ = {isa = PBXBuildFile; fileRef = 07D75D5C29B734140082A4A5 /* CashierDAO.swift */; };
		07D75D5F29B742B80082A4A5 /* ReceptionistDAO.swift in Sources */ = {isa = PBXBuildFile; fileRef = 07D75D5E29B742B80082A4A5 /* ReceptionistDAO.swift */; };
		07D75D6129B743D30082A4A5 /* AdminDAO.swift in Sources */ = {isa = PBXBuildFile; fileRef = 07D75D6029B743D30082A4A5 /* AdminDAO.swift */; };
		07D75D6329B74F240082A4A5 /* AppointmentList.swift in Sources */ = {isa = PBXBuildFile; fileRef = 07D75D6229B74F240082A4A5 /* AppointmentList.swift */; };
		07D75D6729B786900082A4A5 /* Register.swift in Sources */ = {isa = PBXBuildFile; fileRef = 07D75D6629B786900082A4A5 /* Register.swift */; };
		07D75D6929B8AFAA0082A4A5 /* ReportDAO.swift in Sources */ = {isa = PBXBuildFile; fileRef = 07D75D6829B8AFAA0082A4A5 /* ReportDAO.swift */; };
		07D75D6B29B8BC460082A4A5 /* ReviewDAO.swift in Sources */ = {isa = PBXBuildFile; fileRef = 07D75D6A29B8BC460082A4A5 /* ReviewDAO.swift */; };
		07D75D6D29B8C9B90082A4A5 /* DoctorAvailability.swift in Sources */ = {isa = PBXBuildFile; fileRef = 07D75D6C29B8C9B90082A4A5 /* DoctorAvailability.swift */; };
		07D75D6F29B9C3870082A4A5 /* Login.swift in Sources */ = {isa = PBXBuildFile; fileRef = 07D75D6E29B9C3870082A4A5 /* Login.swift */; };
		07D75D7229B9CB840082A4A5 /* RegisterController.swift in Sources */ = {isa = PBXBuildFile; fileRef = 07D75D7129B9CB840082A4A5 /* RegisterController.swift */; };
		07D75D7629BA0F840082A4A5 /* LoginPage.swift in Sources */ = {isa = PBXBuildFile; fileRef = 07D75D7529BA0F840082A4A5 /* LoginPage.swift */; };
		07D75D7829BA25AD0082A4A5 /* ForgetPasswordPage.swift in Sources */ = {isa = PBXBuildFile; fileRef = 07D75D7729BA25AD0082A4A5 /* ForgetPasswordPage.swift */; };
		07D75D7A29BA3C4B0082A4A5 /* ResetPasswordPage.swift in Sources */ = {isa = PBXBuildFile; fileRef = 07D75D7929BA3C4B0082A4A5 /* ResetPasswordPage.swift */; };
		07D75D7E29BAEDEC0082A4A5 /* RegisterSecondPage.swift in Sources */ = {isa = PBXBuildFile; fileRef = 07D75D7D29BAEDEC0082A4A5 /* RegisterSecondPage.swift */; };
		07D75D8029BAEE120082A4A5 /* LabelAndField.swift in Sources */ = {isa = PBXBuildFile; fileRef = 07D75D7F29BAEE120082A4A5 /* LabelAndField.swift */; };
		07D75D8829BB48D40082A4A5 /* PatientHomePage.swift in Sources */ = {isa = PBXBuildFile; fileRef = 07D75D8729BB48D40082A4A5 /* PatientHomePage.swift */; };
		07D75D8B29BB4F4F0082A4A5 /* ReportsPage.swift in Sources */ = {isa = PBXBuildFile; fileRef = 07D75D8A29BB4F4F0082A4A5 /* ReportsPage.swift */; };
		07D75D8D29BB4F680082A4A5 /* MyAppointments.swift in Sources */ = {isa = PBXBuildFile; fileRef = 07D75D8C29BB4F680082A4A5 /* MyAppointments.swift */; };
		07D75D8F29BB4FA00082A4A5 /* Payments.swift in Sources */ = {isa = PBXBuildFile; fileRef = 07D75D8E29BB4FA00082A4A5 /* Payments.swift */; };
		07D75D9129BB528A0082A4A5 /* DiseasePage.swift in Sources */ = {isa = PBXBuildFile; fileRef = 07D75D9029BB528A0082A4A5 /* DiseasePage.swift */; };
		07D75D9329BB564A0082A4A5 /* SurgeryView.swift in Sources */ = {isa = PBXBuildFile; fileRef = 07D75D9229BB564A0082A4A5 /* SurgeryView.swift */; };
		07D75D9829BB7D6A0082A4A5 /* ImageAndLabel.swift in Sources */ = {isa = PBXBuildFile; fileRef = 07D75D9729BB7D6A0082A4A5 /* ImageAndLabel.swift */; };
		07D75D9A29BD7F110082A4A5 /* DiseaseAndNameCCell.swift in Sources */ = {isa = PBXBuildFile; fileRef = 07D75D9929BD7F110082A4A5 /* DiseaseAndNameCCell.swift */; };
		07D75D9C29BD8F140082A4A5 /* SymptomsView.swift in Sources */ = {isa = PBXBuildFile; fileRef = 07D75D9B29BD8F140082A4A5 /* SymptomsView.swift */; };
		07D75D9E29BD973C0082A4A5 /* Demo.swift in Sources */ = {isa = PBXBuildFile; fileRef = 07D75D9D29BD973B0082A4A5 /* Demo.swift */; };
		07D75DA029BE123E0082A4A5 /* SpecialistView.swift in Sources */ = {isa = PBXBuildFile; fileRef = 07D75D9F29BE123E0082A4A5 /* SpecialistView.swift */; };
		07D75DA229BE13B10082A4A5 /* SpecialistCell.swift in Sources */ = {isa = PBXBuildFile; fileRef = 07D75DA129BE13B10082A4A5 /* SpecialistCell.swift */; };
		07D75DA429BE378C0082A4A5 /* DoctorCell.swift in Sources */ = {isa = PBXBuildFile; fileRef = 07D75DA329BE378C0082A4A5 /* DoctorCell.swift */; };
		07D75DA629BE3A6E0082A4A5 /* SelectDoctors.swift in Sources */ = {isa = PBXBuildFile; fileRef = 07D75DA529BE3A6E0082A4A5 /* SelectDoctors.swift */; };
		07D75DA829BEFACD0082A4A5 /* ArticleView.swift in Sources */ = {isa = PBXBuildFile; fileRef = 07D75DA729BEFACD0082A4A5 /* ArticleView.swift */; };
		07D75DAA29BF09BD0082A4A5 /* PatientTabBarController.swift in Sources */ = {isa = PBXBuildFile; fileRef = 07D75DA929BF09BD0082A4A5 /* PatientTabBarController.swift */; };
		07D75DAC29BF20620082A4A5 /* PatientSearch.swift in Sources */ = {isa = PBXBuildFile; fileRef = 07D75DAB29BF20620082A4A5 /* PatientSearch.swift */; };
		07D75DB029BF38F00082A4A5 /* PatientSearchController.swift in Sources */ = {isa = PBXBuildFile; fileRef = 07D75DAF29BF38F00082A4A5 /* PatientSearchController.swift */; };
		07D75DB229BF4B340082A4A5 /* SearchResultsCell.swift in Sources */ = {isa = PBXBuildFile; fileRef = 07D75DB129BF4B340082A4A5 /* SearchResultsCell.swift */; };
		07D75DB429BF57A40082A4A5 /* Search.swift in Sources */ = {isa = PBXBuildFile; fileRef = 07D75DB329BF57A40082A4A5 /* Search.swift */; };
		07D75DB629BF77C80082A4A5 /* ResultDoctorCell.swift in Sources */ = {isa = PBXBuildFile; fileRef = 07D75DB529BF77C80082A4A5 /* ResultDoctorCell.swift */; };
		07D75DBA29C043E20082A4A5 /* AvailableDates.swift in Sources */ = {isa = PBXBuildFile; fileRef = 07D75DB929C043E20082A4A5 /* AvailableDates.swift */; };
		07D75DBC29C079480082A4A5 /* Slots.swift in Sources */ = {isa = PBXBuildFile; fileRef = 07D75DBB29C079480082A4A5 /* Slots.swift */; };
		07D75DC029C0A5AE0082A4A5 /* ViewDepartment.swift in Sources */ = {isa = PBXBuildFile; fileRef = 07D75DBF29C0A5AE0082A4A5 /* ViewDepartment.swift */; };
		07D75DC429C17D9C0082A4A5 /* DoctorProfile.swift in Sources */ = {isa = PBXBuildFile; fileRef = 07D75DC329C17D9C0082A4A5 /* DoctorProfile.swift */; };
		07D75DC629C9869C0082A4A5 /* AppointmentCell.swift in Sources */ = {isa = PBXBuildFile; fileRef = 07D75DC529C9869C0082A4A5 /* AppointmentCell.swift */; };
		07D75DC929C9EACF0082A4A5 /* DoctorHomePage.swift in Sources */ = {isa = PBXBuildFile; fileRef = 07D75DC829C9EACF0082A4A5 /* DoctorHomePage.swift */; };
		07D75DCB29C9EFBA0082A4A5 /* GenerateReport.swift in Sources */ = {isa = PBXBuildFile; fileRef = 07D75DCA29C9EFBA0082A4A5 /* GenerateReport.swift */; };
		07D75DCD29C9EFD30082A4A5 /* ViewReport.swift in Sources */ = {isa = PBXBuildFile; fileRef = 07D75DCC29C9EFD30082A4A5 /* ViewReport.swift */; };
		07D75DCF29C9EFEB0082A4A5 /* ChangeAvailability.swift in Sources */ = {isa = PBXBuildFile; fileRef = 07D75DCE29C9EFEB0082A4A5 /* ChangeAvailability.swift */; };
		07D75DD129C9F0130082A4A5 /* CoustomSlot.swift in Sources */ = {isa = PBXBuildFile; fileRef = 07D75DD029C9F0130082A4A5 /* CoustomSlot.swift */; };
		07D75DD329C9F02A0082A4A5 /* ViewAppointments.swift in Sources */ = {isa = PBXBuildFile; fileRef = 07D75DD229C9F02A0082A4A5 /* ViewAppointments.swift */; };
		07D75DD529CAC3630082A4A5 /* CalendarCell.swift in Sources */ = {isa = PBXBuildFile; fileRef = 07D75DD429CAC3630082A4A5 /* CalendarCell.swift */; };
		07D75DD729CAFD870082A4A5 /* ChangeAvailabilityAndSlots.swift in Sources */ = {isa = PBXBuildFile; fileRef = 07D75DD629CAFD870082A4A5 /* ChangeAvailabilityAndSlots.swift */; };
		07D75DD929CB110A0082A4A5 /* SlotTimingsCell.swift in Sources */ = {isa = PBXBuildFile; fileRef = 07D75DD829CB110A0082A4A5 /* SlotTimingsCell.swift */; };
		07D75DDB29CC14290082A4A5 /* EditCurrentSlot.swift in Sources */ = {isa = PBXBuildFile; fileRef = 07D75DDA29CC14290082A4A5 /* EditCurrentSlot.swift */; };
/* End PBXBuildFile section */

/* Begin PBXFileReference section */
		076A966C29CDC54A00275299 /* LabelImageLabel.swift */ = {isa = PBXFileReference; lastKnownFileType = sourcecode.swift; path = LabelImageLabel.swift; sourceTree = "<group>"; };
		076A967029D016A200275299 /* BookAppointmentController.swift */ = {isa = PBXFileReference; lastKnownFileType = sourcecode.swift; path = BookAppointmentController.swift; sourceTree = "<group>"; };
		076A967229D06AA800275299 /* EditPatientDetailsController.swift */ = {isa = PBXFileReference; lastKnownFileType = sourcecode.swift; path = EditPatientDetailsController.swift; sourceTree = "<group>"; };
		076A967429D162EE00275299 /* BookingConfirmedController.swift */ = {isa = PBXFileReference; lastKnownFileType = sourcecode.swift; path = BookingConfirmedController.swift; sourceTree = "<group>"; };
		076A967629D170AB00275299 /* AppointmentDetailsController.swift */ = {isa = PBXFileReference; lastKnownFileType = sourcecode.swift; path = AppointmentDetailsController.swift; sourceTree = "<group>"; };
		076A967829D1BA3F00275299 /* PayementController.swift */ = {isa = PBXFileReference; lastKnownFileType = sourcecode.swift; path = PayementController.swift; sourceTree = "<group>"; };
		076A967A29D1C2AA00275299 /* PaymentsCell.swift */ = {isa = PBXFileReference; lastKnownFileType = sourcecode.swift; path = PaymentsCell.swift; sourceTree = "<group>"; };
		076A967C29D27BE300275299 /* BookAppointmentOfYourChoiceController.swift */ = {isa = PBXFileReference; lastKnownFileType = sourcecode.swift; path = BookAppointmentOfYourChoiceController.swift; sourceTree = "<group>"; };
		076A968229D2D59B00275299 /* AllDepartmentsController.swift */ = {isa = PBXFileReference; lastKnownFileType = sourcecode.swift; path = AllDepartmentsController.swift; sourceTree = "<group>"; };
		076A968429D2F60800275299 /* AllSymptomsController.swift */ = {isa = PBXFileReference; lastKnownFileType = sourcecode.swift; path = AllSymptomsController.swift; sourceTree = "<group>"; };
		076A968629D2FE9000275299 /* Symptoms.swift */ = {isa = PBXFileReference; lastKnownFileType = sourcecode.swift; path = Symptoms.swift; sourceTree = "<group>"; };
		076A968A29D45F2D00275299 /* CancellationController.swift */ = {isa = PBXFileReference; lastKnownFileType = sourcecode.swift; path = CancellationController.swift; sourceTree = "<group>"; };
		076A968C29D526CF00275299 /* MobileStorage.swift */ = {isa = PBXFileReference; lastKnownFileType = sourcecode.swift; path = MobileStorage.swift; sourceTree = "<group>"; };
		076A968E29D5282200275299 /* MobileDAO.swift */ = {isa = PBXFileReference; lastKnownFileType = sourcecode.swift; path = MobileDAO.swift; sourceTree = "<group>"; };
		076A969029D52E7300275299 /* ArticlesDetailedImageController.swift */ = {isa = PBXFileReference; lastKnownFileType = sourcecode.swift; path = ArticlesDetailedImageController.swift; sourceTree = "<group>"; };
		076A969229D55A7B00275299 /* FavouriteDoctorsController.swift */ = {isa = PBXFileReference; lastKnownFileType = sourcecode.swift; path = FavouriteDoctorsController.swift; sourceTree = "<group>"; };
		076A969429D58DB200275299 /* ViewController.swift */ = {isa = PBXFileReference; lastKnownFileType = sourcecode.swift; path = ViewController.swift; sourceTree = "<group>"; };
		076A969629D59B6000275299 /* FavouriteView.swift */ = {isa = PBXFileReference; lastKnownFileType = sourcecode.swift; path = FavouriteView.swift; sourceTree = "<group>"; };
		076A969A29D675FB00275299 /* TitleAndCollectionView.swift */ = {isa = PBXFileReference; lastKnownFileType = sourcecode.swift; path = TitleAndCollectionView.swift; sourceTree = "<group>"; };
		076A969C29D6A44F00275299 /* SearchResultsController.swift */ = {isa = PBXFileReference; lastKnownFileType = sourcecode.swift; path = SearchResultsController.swift; sourceTree = "<group>"; };
		076A96A029D725A700275299 /* AvailableDoctorsController.swift */ = {isa = PBXFileReference; lastKnownFileType = sourcecode.swift; path = AvailableDoctorsController.swift; sourceTree = "<group>"; };
		07D75D1929B607480082A4A5 /* Demo-App.app */ = {isa = PBXFileReference; explicitFileType = wrapper.application; includeInIndex = 0; path = "Demo-App.app"; sourceTree = BUILT_PRODUCTS_DIR; };
		07D75D1C29B607480082A4A5 /* AppDelegate.swift */ = {isa = PBXFileReference; lastKnownFileType = sourcecode.swift; path = AppDelegate.swift; sourceTree = "<group>"; };
		07D75D1E29B607480082A4A5 /* SceneDelegate.swift */ = {isa = PBXFileReference; lastKnownFileType = sourcecode.swift; path = SceneDelegate.swift; sourceTree = "<group>"; };
		07D75D2029B607480082A4A5 /* DoctorProfileController.swift */ = {isa = PBXFileReference; lastKnownFileType = sourcecode.swift; path = DoctorProfileController.swift; sourceTree = "<group>"; };
		07D75D2529B607490082A4A5 /* Assets.xcassets */ = {isa = PBXFileReference; lastKnownFileType = folder.assetcatalog; path = Assets.xcassets; sourceTree = "<group>"; };
		07D75D2829B607490082A4A5 /* Base */ = {isa = PBXFileReference; lastKnownFileType = file.storyboard; name = Base; path = Base.lproj/LaunchScreen.storyboard; sourceTree = "<group>"; };
		07D75D2A29B607490082A4A5 /* Info.plist */ = {isa = PBXFileReference; lastKnownFileType = text.plist.xml; path = Info.plist; sourceTree = "<group>"; };
		07D75D3129B609910082A4A5 /* Admin.swift */ = {isa = PBXFileReference; lastKnownFileType = sourcecode.swift; path = Admin.swift; sourceTree = "<group>"; };
		07D75D3329B60CAE0082A4A5 /* Appointment.swift */ = {isa = PBXFileReference; lastKnownFileType = sourcecode.swift; path = Appointment.swift; sourceTree = "<group>"; };
		07D75D3729B6127C0082A4A5 /* Bill.swift */ = {isa = PBXFileReference; lastKnownFileType = sourcecode.swift; path = Bill.swift; sourceTree = "<group>"; };
		07D75D3929B614150082A4A5 /* Cashier.swift */ = {isa = PBXFileReference; lastKnownFileType = sourcecode.swift; path = Cashier.swift; sourceTree = "<group>"; };
		07D75D3B29B614970082A4A5 /* Patient.swift */ = {isa = PBXFileReference; lastKnownFileType = sourcecode.swift; path = Patient.swift; sourceTree = "<group>"; };
		07D75D3D29B615840082A4A5 /* Protocols.swift */ = {isa = PBXFileReference; lastKnownFileType = sourcecode.swift; path = Protocols.swift; sourceTree = "<group>"; };
		07D75D3F29B6195C0082A4A5 /* Doctor.swift */ = {isa = PBXFileReference; lastKnownFileType = sourcecode.swift; path = Doctor.swift; sourceTree = "<group>"; };
		07D75D4129B61A5D0082A4A5 /* Report.swift */ = {isa = PBXFileReference; lastKnownFileType = sourcecode.swift; path = Report.swift; sourceTree = "<group>"; };
		07D75D4329B61B320082A4A5 /* Review.swift */ = {isa = PBXFileReference; lastKnownFileType = sourcecode.swift; path = Review.swift; sourceTree = "<group>"; };
		07D75D4729B61C600082A4A5 /* Enum.swift */ = {isa = PBXFileReference; lastKnownFileType = sourcecode.swift; path = Enum.swift; sourceTree = "<group>"; };
		07D75D4929B623170082A4A5 /* Visitors.swift */ = {isa = PBXFileReference; lastKnownFileType = sourcecode.swift; path = Visitors.swift; sourceTree = "<group>"; };
		07D75D4B29B624970082A4A5 /* Receptionist.swift */ = {isa = PBXFileReference; lastKnownFileType = sourcecode.swift; path = Receptionist.swift; sourceTree = "<group>"; };
		07D75D4E29B628620082A4A5 /* Storage.swift */ = {isa = PBXFileReference; lastKnownFileType = sourcecode.swift; path = Storage.swift; sourceTree = "<group>"; };
		07D75D5029B6F3140082A4A5 /* AppointmentDAO.swift */ = {isa = PBXFileReference; lastKnownFileType = sourcecode.swift; path = AppointmentDAO.swift; sourceTree = "<group>"; };
		07D75D5229B704170082A4A5 /* BillDAO.swift */ = {isa = PBXFileReference; lastKnownFileType = sourcecode.swift; path = BillDAO.swift; sourceTree = "<group>"; };
		07D75D5429B712600082A4A5 /* DoctorDAO.swift */ = {isa = PBXFileReference; lastKnownFileType = sourcecode.swift; path = DoctorDAO.swift; sourceTree = "<group>"; };
		07D75D5629B71E850082A4A5 /* PatientDAO.swift */ = {isa = PBXFileReference; lastKnownFileType = sourcecode.swift; path = PatientDAO.swift; sourceTree = "<group>"; };
		07D75D5829B724860082A4A5 /* UserDAO.swift */ = {isa = PBXFileReference; lastKnownFileType = sourcecode.swift; path = UserDAO.swift; sourceTree = "<group>"; };
		07D75D5A29B72F250082A4A5 /* VisitorDAO.swift */ = {isa = PBXFileReference; lastKnownFileType = sourcecode.swift; path = VisitorDAO.swift; sourceTree = "<group>"; };
		07D75D5C29B734140082A4A5 /* CashierDAO.swift */ = {isa = PBXFileReference; lastKnownFileType = sourcecode.swift; path = CashierDAO.swift; sourceTree = "<group>"; };
		07D75D5E29B742B80082A4A5 /* ReceptionistDAO.swift */ = {isa = PBXFileReference; lastKnownFileType = sourcecode.swift; path = ReceptionistDAO.swift; sourceTree = "<group>"; };
		07D75D6029B743D30082A4A5 /* AdminDAO.swift */ = {isa = PBXFileReference; lastKnownFileType = sourcecode.swift; path = AdminDAO.swift; sourceTree = "<group>"; };
		07D75D6229B74F240082A4A5 /* AppointmentList.swift */ = {isa = PBXFileReference; lastKnownFileType = sourcecode.swift; path = AppointmentList.swift; sourceTree = "<group>"; };
		07D75D6629B786900082A4A5 /* Register.swift */ = {isa = PBXFileReference; lastKnownFileType = sourcecode.swift; path = Register.swift; sourceTree = "<group>"; };
		07D75D6829B8AFAA0082A4A5 /* ReportDAO.swift */ = {isa = PBXFileReference; lastKnownFileType = sourcecode.swift; path = ReportDAO.swift; sourceTree = "<group>"; };
		07D75D6A29B8BC460082A4A5 /* ReviewDAO.swift */ = {isa = PBXFileReference; lastKnownFileType = sourcecode.swift; path = ReviewDAO.swift; sourceTree = "<group>"; };
		07D75D6C29B8C9B90082A4A5 /* DoctorAvailability.swift */ = {isa = PBXFileReference; lastKnownFileType = sourcecode.swift; path = DoctorAvailability.swift; sourceTree = "<group>"; };
		07D75D6E29B9C3870082A4A5 /* Login.swift */ = {isa = PBXFileReference; lastKnownFileType = sourcecode.swift; path = Login.swift; sourceTree = "<group>"; };
		07D75D7129B9CB840082A4A5 /* RegisterController.swift */ = {isa = PBXFileReference; lastKnownFileType = sourcecode.swift; path = RegisterController.swift; sourceTree = "<group>"; };
		07D75D7529BA0F840082A4A5 /* LoginPage.swift */ = {isa = PBXFileReference; lastKnownFileType = sourcecode.swift; path = LoginPage.swift; sourceTree = "<group>"; };
		07D75D7729BA25AD0082A4A5 /* ForgetPasswordPage.swift */ = {isa = PBXFileReference; lastKnownFileType = sourcecode.swift; path = ForgetPasswordPage.swift; sourceTree = "<group>"; };
		07D75D7929BA3C4B0082A4A5 /* ResetPasswordPage.swift */ = {isa = PBXFileReference; lastKnownFileType = sourcecode.swift; path = ResetPasswordPage.swift; sourceTree = "<group>"; };
		07D75D7D29BAEDEC0082A4A5 /* RegisterSecondPage.swift */ = {isa = PBXFileReference; lastKnownFileType = sourcecode.swift; path = RegisterSecondPage.swift; sourceTree = "<group>"; };
		07D75D7F29BAEE120082A4A5 /* LabelAndField.swift */ = {isa = PBXFileReference; lastKnownFileType = sourcecode.swift; path = LabelAndField.swift; sourceTree = "<group>"; };
		07D75D8729BB48D40082A4A5 /* PatientHomePage.swift */ = {isa = PBXFileReference; lastKnownFileType = sourcecode.swift; path = PatientHomePage.swift; sourceTree = "<group>"; };
		07D75D8A29BB4F4F0082A4A5 /* ReportsPage.swift */ = {isa = PBXFileReference; lastKnownFileType = sourcecode.swift; path = ReportsPage.swift; sourceTree = "<group>"; };
		07D75D8C29BB4F680082A4A5 /* MyAppointments.swift */ = {isa = PBXFileReference; lastKnownFileType = sourcecode.swift; path = MyAppointments.swift; sourceTree = "<group>"; };
		07D75D8E29BB4FA00082A4A5 /* Payments.swift */ = {isa = PBXFileReference; lastKnownFileType = sourcecode.swift; path = Payments.swift; sourceTree = "<group>"; };
		07D75D9029BB528A0082A4A5 /* DiseasePage.swift */ = {isa = PBXFileReference; lastKnownFileType = sourcecode.swift; path = DiseasePage.swift; sourceTree = "<group>"; };
		07D75D9229BB564A0082A4A5 /* SurgeryView.swift */ = {isa = PBXFileReference; lastKnownFileType = sourcecode.swift; path = SurgeryView.swift; sourceTree = "<group>"; };
		07D75D9729BB7D6A0082A4A5 /* ImageAndLabel.swift */ = {isa = PBXFileReference; lastKnownFileType = sourcecode.swift; path = ImageAndLabel.swift; sourceTree = "<group>"; };
		07D75D9929BD7F110082A4A5 /* DiseaseAndNameCCell.swift */ = {isa = PBXFileReference; lastKnownFileType = sourcecode.swift; path = DiseaseAndNameCCell.swift; sourceTree = "<group>"; };
		07D75D9B29BD8F140082A4A5 /* SymptomsView.swift */ = {isa = PBXFileReference; lastKnownFileType = sourcecode.swift; path = SymptomsView.swift; sourceTree = "<group>"; };
		07D75D9D29BD973B0082A4A5 /* Demo.swift */ = {isa = PBXFileReference; lastKnownFileType = sourcecode.swift; path = Demo.swift; sourceTree = "<group>"; };
		07D75D9F29BE123E0082A4A5 /* SpecialistView.swift */ = {isa = PBXFileReference; lastKnownFileType = sourcecode.swift; path = SpecialistView.swift; sourceTree = "<group>"; };
		07D75DA129BE13B10082A4A5 /* SpecialistCell.swift */ = {isa = PBXFileReference; lastKnownFileType = sourcecode.swift; path = SpecialistCell.swift; sourceTree = "<group>"; };
		07D75DA329BE378C0082A4A5 /* DoctorCell.swift */ = {isa = PBXFileReference; lastKnownFileType = sourcecode.swift; path = DoctorCell.swift; sourceTree = "<group>"; };
		07D75DA529BE3A6E0082A4A5 /* SelectDoctors.swift */ = {isa = PBXFileReference; lastKnownFileType = sourcecode.swift; path = SelectDoctors.swift; sourceTree = "<group>"; };
		07D75DA729BEFACD0082A4A5 /* ArticleView.swift */ = {isa = PBXFileReference; lastKnownFileType = sourcecode.swift; path = ArticleView.swift; sourceTree = "<group>"; };
		07D75DA929BF09BD0082A4A5 /* PatientTabBarController.swift */ = {isa = PBXFileReference; lastKnownFileType = sourcecode.swift; path = PatientTabBarController.swift; sourceTree = "<group>"; };
		07D75DAB29BF20620082A4A5 /* PatientSearch.swift */ = {isa = PBXFileReference; lastKnownFileType = sourcecode.swift; path = PatientSearch.swift; sourceTree = "<group>"; };
		07D75DAF29BF38F00082A4A5 /* PatientSearchController.swift */ = {isa = PBXFileReference; lastKnownFileType = sourcecode.swift; path = PatientSearchController.swift; sourceTree = "<group>"; };
		07D75DB129BF4B340082A4A5 /* SearchResultsCell.swift */ = {isa = PBXFileReference; lastKnownFileType = sourcecode.swift; path = SearchResultsCell.swift; sourceTree = "<group>"; };
		07D75DB329BF57A40082A4A5 /* Search.swift */ = {isa = PBXFileReference; lastKnownFileType = sourcecode.swift; path = Search.swift; sourceTree = "<group>"; };
		07D75DB529BF77C80082A4A5 /* ResultDoctorCell.swift */ = {isa = PBXFileReference; lastKnownFileType = sourcecode.swift; path = ResultDoctorCell.swift; sourceTree = "<group>"; };
		07D75DB929C043E20082A4A5 /* AvailableDates.swift */ = {isa = PBXFileReference; lastKnownFileType = sourcecode.swift; path = AvailableDates.swift; sourceTree = "<group>"; };
		07D75DBB29C079480082A4A5 /* Slots.swift */ = {isa = PBXFileReference; lastKnownFileType = sourcecode.swift; path = Slots.swift; sourceTree = "<group>"; };
		07D75DBF29C0A5AE0082A4A5 /* ViewDepartment.swift */ = {isa = PBXFileReference; lastKnownFileType = sourcecode.swift; path = ViewDepartment.swift; sourceTree = "<group>"; };
		07D75DC329C17D9C0082A4A5 /* DoctorProfile.swift */ = {isa = PBXFileReference; lastKnownFileType = sourcecode.swift; path = DoctorProfile.swift; sourceTree = "<group>"; };
		07D75DC529C9869C0082A4A5 /* AppointmentCell.swift */ = {isa = PBXFileReference; lastKnownFileType = sourcecode.swift; path = AppointmentCell.swift; sourceTree = "<group>"; };
		07D75DC829C9EACF0082A4A5 /* DoctorHomePage.swift */ = {isa = PBXFileReference; lastKnownFileType = sourcecode.swift; path = DoctorHomePage.swift; sourceTree = "<group>"; };
		07D75DCA29C9EFBA0082A4A5 /* GenerateReport.swift */ = {isa = PBXFileReference; lastKnownFileType = sourcecode.swift; path = GenerateReport.swift; sourceTree = "<group>"; };
		07D75DCC29C9EFD30082A4A5 /* ViewReport.swift */ = {isa = PBXFileReference; lastKnownFileType = sourcecode.swift; path = ViewReport.swift; sourceTree = "<group>"; };
		07D75DCE29C9EFEB0082A4A5 /* ChangeAvailability.swift */ = {isa = PBXFileReference; lastKnownFileType = sourcecode.swift; path = ChangeAvailability.swift; sourceTree = "<group>"; };
		07D75DD029C9F0130082A4A5 /* CoustomSlot.swift */ = {isa = PBXFileReference; lastKnownFileType = sourcecode.swift; path = CoustomSlot.swift; sourceTree = "<group>"; };
		07D75DD229C9F02A0082A4A5 /* ViewAppointments.swift */ = {isa = PBXFileReference; lastKnownFileType = sourcecode.swift; path = ViewAppointments.swift; sourceTree = "<group>"; };
		07D75DD429CAC3630082A4A5 /* CalendarCell.swift */ = {isa = PBXFileReference; lastKnownFileType = sourcecode.swift; path = CalendarCell.swift; sourceTree = "<group>"; };
		07D75DD629CAFD870082A4A5 /* ChangeAvailabilityAndSlots.swift */ = {isa = PBXFileReference; lastKnownFileType = sourcecode.swift; path = ChangeAvailabilityAndSlots.swift; sourceTree = "<group>"; };
		07D75DD829CB110A0082A4A5 /* SlotTimingsCell.swift */ = {isa = PBXFileReference; lastKnownFileType = sourcecode.swift; path = SlotTimingsCell.swift; sourceTree = "<group>"; };
		07D75DDA29CC14290082A4A5 /* EditCurrentSlot.swift */ = {isa = PBXFileReference; lastKnownFileType = sourcecode.swift; path = EditCurrentSlot.swift; sourceTree = "<group>"; };
/* End PBXFileReference section */

/* Begin PBXFrameworksBuildPhase section */
		07D75D1629B607480082A4A5 /* Frameworks */ = {
			isa = PBXFrameworksBuildPhase;
			buildActionMask = 2147483647;
			files = (
			);
			runOnlyForDeploymentPostprocessing = 0;
		};
/* End PBXFrameworksBuildPhase section */

/* Begin PBXGroup section */
		07D75D1029B607480082A4A5 = {
			isa = PBXGroup;
			children = (
				07D75D1B29B607480082A4A5 /* Demo-App */,
				07D75D1A29B607480082A4A5 /* Products */,
			);
			sourceTree = "<group>";
		};
		07D75D1A29B607480082A4A5 /* Products */ = {
			isa = PBXGroup;
			children = (
				07D75D1929B607480082A4A5 /* Demo-App.app */,
			);
			name = Products;
			sourceTree = "<group>";
		};
		07D75D1B29B607480082A4A5 /* Demo-App */ = {
			isa = PBXGroup;
			children = (
				07D75D1C29B607480082A4A5 /* AppDelegate.swift */,
				07D75D1E29B607480082A4A5 /* SceneDelegate.swift */,
				07D75D2029B607480082A4A5 /* DoctorProfileController.swift */,
				076A968229D2D59B00275299 /* AllDepartmentsController.swift */,
				076A968429D2F60800275299 /* AllSymptomsController.swift */,
				076A967229D06AA800275299 /* EditPatientDetailsController.swift */,
				076A967029D016A200275299 /* BookAppointmentController.swift */,
				076A967429D162EE00275299 /* BookingConfirmedController.swift */,
				07D75D9D29BD973B0082A4A5 /* Demo.swift */,
				076A967629D170AB00275299 /* AppointmentDetailsController.swift */,
				076A967829D1BA3F00275299 /* PayementController.swift */,
				076A967C29D27BE300275299 /* BookAppointmentOfYourChoiceController.swift */,
				076A968A29D45F2D00275299 /* CancellationController.swift */,
				076A969229D55A7B00275299 /* FavouriteDoctorsController.swift */,
				076A969429D58DB200275299 /* ViewController.swift */,
				076A969629D59B6000275299 /* FavouriteView.swift */,
				076A969A29D675FB00275299 /* TitleAndCollectionView.swift */,
				076A969C29D6A44F00275299 /* SearchResultsController.swift */,
				076A96A029D725A700275299 /* AvailableDoctorsController.swift */,
				07D75D7029B9CB0C0082A4A5 /* UI  */,
				07D75D3029B609710082A4A5 /* Model */,
				07D75D4D29B625810082A4A5 /* Data */,
				07D75D2729B607490082A4A5 /* LaunchScreen.storyboard */,
				07D75D2529B607490082A4A5 /* Assets.xcassets */,
				07D75D2A29B607490082A4A5 /* Info.plist */,
			);
			path = "Demo-App";
			sourceTree = "<group>";
		};
		07D75D3029B609710082A4A5 /* Model */ = {
			isa = PBXGroup;
			children = (
				07D75D3129B609910082A4A5 /* Admin.swift */,
				07D75D3329B60CAE0082A4A5 /* Appointment.swift */,
				07D75D6229B74F240082A4A5 /* AppointmentList.swift */,
				07D75D6C29B8C9B90082A4A5 /* DoctorAvailability.swift */,
				07D75D3729B6127C0082A4A5 /* Bill.swift */,
				07D75D3929B614150082A4A5 /* Cashier.swift */,
				07D75D3B29B614970082A4A5 /* Patient.swift */,
				07D75D3F29B6195C0082A4A5 /* Doctor.swift */,
				07D75D4129B61A5D0082A4A5 /* Report.swift */,
				07D75D4329B61B320082A4A5 /* Review.swift */,
				076A968629D2FE9000275299 /* Symptoms.swift */,
				07D75D6629B786900082A4A5 /* Register.swift */,
				07D75D6E29B9C3870082A4A5 /* Login.swift */,
				07D75D4729B61C600082A4A5 /* Enum.swift */,
				07D75DB329BF57A40082A4A5 /* Search.swift */,
				07D75D4929B623170082A4A5 /* Visitors.swift */,
				07D75D4B29B624970082A4A5 /* Receptionist.swift */,
				07D75D3D29B615840082A4A5 /* Protocols.swift */,
			);
			path = Model;
			sourceTree = "<group>";
		};
		07D75D4D29B625810082A4A5 /* Data */ = {
			isa = PBXGroup;
			children = (
				07D75D4E29B628620082A4A5 /* Storage.swift */,
				076A968C29D526CF00275299 /* MobileStorage.swift */,
				076A968E29D5282200275299 /* MobileDAO.swift */,
				07D75D5029B6F3140082A4A5 /* AppointmentDAO.swift */,
				07D75D5229B704170082A4A5 /* BillDAO.swift */,
				07D75D6829B8AFAA0082A4A5 /* ReportDAO.swift */,
				07D75D5429B712600082A4A5 /* DoctorDAO.swift */,
				07D75D6A29B8BC460082A4A5 /* ReviewDAO.swift */,
				07D75D5629B71E850082A4A5 /* PatientDAO.swift */,
				07D75D5829B724860082A4A5 /* UserDAO.swift */,
				07D75D5A29B72F250082A4A5 /* VisitorDAO.swift */,
				07D75D5C29B734140082A4A5 /* CashierDAO.swift */,
				07D75D5E29B742B80082A4A5 /* ReceptionistDAO.swift */,
				07D75D6029B743D30082A4A5 /* AdminDAO.swift */,
			);
			path = Data;
			sourceTree = "<group>";
		};
		07D75D7029B9CB0C0082A4A5 /* UI  */ = {
			isa = PBXGroup;
			children = (
				07D75D9929BD7F110082A4A5 /* DiseaseAndNameCCell.swift */,
				07D75D7129B9CB840082A4A5 /* RegisterController.swift */,
				07D75D7D29BAEDEC0082A4A5 /* RegisterSecondPage.swift */,
				07D75D7529BA0F840082A4A5 /* LoginPage.swift */,
				07D75D7F29BAEE120082A4A5 /* LabelAndField.swift */,
				07D75D9729BB7D6A0082A4A5 /* ImageAndLabel.swift */,
				076A966C29CDC54A00275299 /* LabelImageLabel.swift */,
				07D75D7729BA25AD0082A4A5 /* ForgetPasswordPage.swift */,
				07D75D7929BA3C4B0082A4A5 /* ResetPasswordPage.swift */,
				07D75DAE29BF35330082A4A5 /* Cells */,
				07D75DC729C9E7630082A4A5 /* Doctor */,
				07D75D8929BB4F150082A4A5 /* Patient */,
			);
			path = "UI ";
			sourceTree = "<group>";
		};
		07D75D8929BB4F150082A4A5 /* Patient */ = {
			isa = PBXGroup;
			children = (
				07D75DA929BF09BD0082A4A5 /* PatientTabBarController.swift */,
				07D75D8729BB48D40082A4A5 /* PatientHomePage.swift */,
				07D75D8A29BB4F4F0082A4A5 /* ReportsPage.swift */,
				07D75D8C29BB4F680082A4A5 /* MyAppointments.swift */,
				07D75DAB29BF20620082A4A5 /* PatientSearch.swift */,
				07D75D8E29BB4FA00082A4A5 /* Payments.swift */,
				07D75D9029BB528A0082A4A5 /* DiseasePage.swift */,
				076A969029D52E7300275299 /* ArticlesDetailedImageController.swift */,
				07D75DAD29BF35210082A4A5 /* Search */,
				07D75D9429BB7A750082A4A5 /* HomePage */,
			);
			path = Patient;
			sourceTree = "<group>";
		};
		07D75D9429BB7A750082A4A5 /* HomePage */ = {
			isa = PBXGroup;
			children = (
				07D75D9229BB564A0082A4A5 /* SurgeryView.swift */,
				07D75D9B29BD8F140082A4A5 /* SymptomsView.swift */,
				07D75D9F29BE123E0082A4A5 /* SpecialistView.swift */,
				07D75DA529BE3A6E0082A4A5 /* SelectDoctors.swift */,
				07D75DA729BEFACD0082A4A5 /* ArticleView.swift */,
			);
			path = HomePage;
			sourceTree = "<group>";
		};
		07D75DAD29BF35210082A4A5 /* Search */ = {
			isa = PBXGroup;
			children = (
				07D75DAF29BF38F00082A4A5 /* PatientSearchController.swift */,
				07D75DBF29C0A5AE0082A4A5 /* ViewDepartment.swift */,
				07D75DC329C17D9C0082A4A5 /* DoctorProfile.swift */,
			);
			path = Search;
			sourceTree = "<group>";
		};
		07D75DAE29BF35330082A4A5 /* Cells */ = {
			isa = PBXGroup;
			children = (
				07D75DA329BE378C0082A4A5 /* DoctorCell.swift */,
				07D75DA129BE13B10082A4A5 /* SpecialistCell.swift */,
				07D75DB129BF4B340082A4A5 /* SearchResultsCell.swift */,
				07D75DB529BF77C80082A4A5 /* ResultDoctorCell.swift */,
				07D75DB929C043E20082A4A5 /* AvailableDates.swift */,
				07D75DBB29C079480082A4A5 /* Slots.swift */,
				07D75DC529C9869C0082A4A5 /* AppointmentCell.swift */,
				07D75DD429CAC3630082A4A5 /* CalendarCell.swift */,
				076A967A29D1C2AA00275299 /* PaymentsCell.swift */,
				07D75DD829CB110A0082A4A5 /* SlotTimingsCell.swift */,
			);
			path = Cells;
			sourceTree = "<group>";
		};
		07D75DC729C9E7630082A4A5 /* Doctor */ = {
			isa = PBXGroup;
			children = (
				07D75DC829C9EACF0082A4A5 /* DoctorHomePage.swift */,
				07D75DD229C9F02A0082A4A5 /* ViewAppointments.swift */,
				07D75DD029C9F0130082A4A5 /* CoustomSlot.swift */,
				07D75DCE29C9EFEB0082A4A5 /* ChangeAvailability.swift */,
				07D75DCC29C9EFD30082A4A5 /* ViewReport.swift */,
				07D75DD629CAFD870082A4A5 /* ChangeAvailabilityAndSlots.swift */,
				07D75DCA29C9EFBA0082A4A5 /* GenerateReport.swift */,
				07D75DDA29CC14290082A4A5 /* EditCurrentSlot.swift */,
			);
			path = Doctor;
			sourceTree = "<group>";
		};
/* End PBXGroup section */

/* Begin PBXNativeTarget section */
		07D75D1829B607480082A4A5 /* Demo-App */ = {
			isa = PBXNativeTarget;
			buildConfigurationList = 07D75D2D29B607490082A4A5 /* Build configuration list for PBXNativeTarget "Demo-App" */;
			buildPhases = (
				07D75D1529B607480082A4A5 /* Sources */,
				07D75D1629B607480082A4A5 /* Frameworks */,
				07D75D1729B607480082A4A5 /* Resources */,
			);
			buildRules = (
			);
			dependencies = (
			);
			name = "Demo-App";
			productName = "Demo-App";
			productReference = 07D75D1929B607480082A4A5 /* Demo-App.app */;
			productType = "com.apple.product-type.application";
		};
/* End PBXNativeTarget section */

/* Begin PBXProject section */
		07D75D1129B607480082A4A5 /* Project object */ = {
			isa = PBXProject;
			attributes = {
				BuildIndependentTargetsInParallel = 1;
				LastSwiftUpdateCheck = 1420;
				LastUpgradeCheck = 1420;
				TargetAttributes = {
					07D75D1829B607480082A4A5 = {
						CreatedOnToolsVersion = 14.2;
					};
				};
			};
			buildConfigurationList = 07D75D1429B607480082A4A5 /* Build configuration list for PBXProject "Demo-App" */;
			compatibilityVersion = "Xcode 14.0";
			developmentRegion = en;
			hasScannedForEncodings = 0;
			knownRegions = (
				en,
				Base,
			);
			mainGroup = 07D75D1029B607480082A4A5;
			productRefGroup = 07D75D1A29B607480082A4A5 /* Products */;
			projectDirPath = "";
			projectRoot = "";
			targets = (
				07D75D1829B607480082A4A5 /* Demo-App */,
			);
		};
/* End PBXProject section */

/* Begin PBXResourcesBuildPhase section */
		07D75D1729B607480082A4A5 /* Resources */ = {
			isa = PBXResourcesBuildPhase;
			buildActionMask = 2147483647;
			files = (
				07D75D2929B607490082A4A5 /* LaunchScreen.storyboard in Resources */,
				07D75D2629B607490082A4A5 /* Assets.xcassets in Resources */,
			);
			runOnlyForDeploymentPostprocessing = 0;
		};
/* End PBXResourcesBuildPhase section */

/* Begin PBXSourcesBuildPhase section */
		07D75D1529B607480082A4A5 /* Sources */ = {
			isa = PBXSourcesBuildPhase;
			buildActionMask = 2147483647;
			files = (
				07D75DA629BE3A6E0082A4A5 /* SelectDoctors.swift in Sources */,
				076A967129D016A200275299 /* BookAppointmentController.swift in Sources */,
				07D75DAC29BF20620082A4A5 /* PatientSearch.swift in Sources */,
				07D75DC929C9EACF0082A4A5 /* DoctorHomePage.swift in Sources */,
				07D75D5729B71E850082A4A5 /* PatientDAO.swift in Sources */,
				07D75D4229B61A5D0082A4A5 /* Report.swift in Sources */,
				07D75D6129B743D30082A4A5 /* AdminDAO.swift in Sources */,
				07D75DCD29C9EFD30082A4A5 /* ViewReport.swift in Sources */,
				07D75D9129BB528A0082A4A5 /* DiseasePage.swift in Sources */,
				07D75D5F29B742B80082A4A5 /* ReceptionistDAO.swift in Sources */,
				07D75D2129B607480082A4A5 /* DoctorProfileController.swift in Sources */,
				076A968D29D526CF00275299 /* MobileStorage.swift in Sources */,
				07D75D8829BB48D40082A4A5 /* PatientHomePage.swift in Sources */,
				07D75D7E29BAEDEC0082A4A5 /* RegisterSecondPage.swift in Sources */,
				07D75DCF29C9EFEB0082A4A5 /* ChangeAvailability.swift in Sources */,
				07D75D8D29BB4F680082A4A5 /* MyAppointments.swift in Sources */,
				07D75D1D29B607480082A4A5 /* AppDelegate.swift in Sources */,
				076A966D29CDC54A00275299 /* LabelImageLabel.swift in Sources */,
				07D75DB429BF57A40082A4A5 /* Search.swift in Sources */,
				076A969729D59B6000275299 /* FavouriteView.swift in Sources */,
				07D75DAA29BF09BD0082A4A5 /* PatientTabBarController.swift in Sources */,
				076A967D29D27BE300275299 /* BookAppointmentOfYourChoiceController.swift in Sources */,
				07D75DC029C0A5AE0082A4A5 /* ViewDepartment.swift in Sources */,
				07D75DA829BEFACD0082A4A5 /* ArticleView.swift in Sources */,
				07D75DDB29CC14290082A4A5 /* EditCurrentSlot.swift in Sources */,
				076A967329D06AA800275299 /* EditPatientDetailsController.swift in Sources */,
				07D75D6929B8AFAA0082A4A5 /* ReportDAO.swift in Sources */,
				07D75D1F29B607480082A4A5 /* SceneDelegate.swift in Sources */,
				07D75D5129B6F3140082A4A5 /* AppointmentDAO.swift in Sources */,
				07D75DB229BF4B340082A4A5 /* SearchResultsCell.swift in Sources */,
				07D75D3229B609910082A4A5 /* Admin.swift in Sources */,
				076A969529D58DB200275299 /* ViewController.swift in Sources */,
				07D75D4429B61B320082A4A5 /* Review.swift in Sources */,
				076A967529D162EE00275299 /* BookingConfirmedController.swift in Sources */,
				07D75D4C29B624970082A4A5 /* Receptionist.swift in Sources */,
				07D75D4829B61C600082A4A5 /* Enum.swift in Sources */,
				07D75D6329B74F240082A4A5 /* AppointmentList.swift in Sources */,
				076A969D29D6A44F00275299 /* SearchResultsController.swift in Sources */,
				07D75D8029BAEE120082A4A5 /* LabelAndField.swift in Sources */,
				07D75DB029BF38F00082A4A5 /* PatientSearchController.swift in Sources */,
				07D75DD529CAC3630082A4A5 /* CalendarCell.swift in Sources */,
				07D75D5329B704170082A4A5 /* BillDAO.swift in Sources */,
				07D75D9329BB564A0082A4A5 /* SurgeryView.swift in Sources */,
				076A969329D55A7B00275299 /* FavouriteDoctorsController.swift in Sources */,
				076A968B29D45F2D00275299 /* CancellationController.swift in Sources */,
				076A967B29D1C2AA00275299 /* PaymentsCell.swift in Sources */,
				07D75D3829B6127C0082A4A5 /* Bill.swift in Sources */,
				07D75D7829BA25AD0082A4A5 /* ForgetPasswordPage.swift in Sources */,
				07D75D7629BA0F840082A4A5 /* LoginPage.swift in Sources */,
				07D75DD129C9F0130082A4A5 /* CoustomSlot.swift in Sources */,
				07D75D8F29BB4FA00082A4A5 /* Payments.swift in Sources */,
				07D75D6D29B8C9B90082A4A5 /* DoctorAvailability.swift in Sources */,
				07D75D6B29B8BC460082A4A5 /* ReviewDAO.swift in Sources */,
				07D75DA029BE123E0082A4A5 /* SpecialistView.swift in Sources */,
				07D75DB629BF77C80082A4A5 /* ResultDoctorCell.swift in Sources */,
				07D75D9A29BD7F110082A4A5 /* DiseaseAndNameCCell.swift in Sources */,
				07D75D9C29BD8F140082A4A5 /* SymptomsView.swift in Sources */,
				076A969129D52E7300275299 /* ArticlesDetailedImageController.swift in Sources */,
				076A96A129D725A700275299 /* AvailableDoctorsController.swift in Sources */,
				076A968329D2D59B00275299 /* AllDepartmentsController.swift in Sources */,
				07D75DD329C9F02A0082A4A5 /* ViewAppointments.swift in Sources */,
				07D75DC629C9869C0082A4A5 /* AppointmentCell.swift in Sources */,
				07D75DA229BE13B10082A4A5 /* SpecialistCell.swift in Sources */,
				07D75DC429C17D9C0082A4A5 /* DoctorProfile.swift in Sources */,
				07D75DBC29C079480082A4A5 /* Slots.swift in Sources */,
				07D75DD729CAFD870082A4A5 /* ChangeAvailabilityAndSlots.swift in Sources */,
				07D75D3C29B614970082A4A5 /* Patient.swift in Sources */,
				076A968529D2F60800275299 /* AllSymptomsController.swift in Sources */,
				07D75DCB29C9EFBA0082A4A5 /* GenerateReport.swift in Sources */,
				07D75D4029B6195C0082A4A5 /* Doctor.swift in Sources */,
				07D75D9E29BD973C0082A4A5 /* Demo.swift in Sources */,
				07D75DA429BE378C0082A4A5 /* DoctorCell.swift in Sources */,
				07D75D5D29B734140082A4A5 /* CashierDAO.swift in Sources */,
				076A969B29D675FB00275299 /* TitleAndCollectionView.swift in Sources */,
				076A968729D2FE9000275299 /* Symptoms.swift in Sources */,
				076A967929D1BA3F00275299 /* PayementController.swift in Sources */,
				07D75D6729B786900082A4A5 /* Register.swift in Sources */,
				07D75D3E29B615840082A4A5 /* Protocols.swift in Sources */,
				07D75D9829BB7D6A0082A4A5 /* ImageAndLabel.swift in Sources */,
				07D75DD929CB110A0082A4A5 /* SlotTimingsCell.swift in Sources */,
				07D75D7A29BA3C4B0082A4A5 /* ResetPasswordPage.swift in Sources */,
				076A967729D170AB00275299 /* AppointmentDetailsController.swift in Sources */,
				07D75DBA29C043E20082A4A5 /* AvailableDates.swift in Sources */,
				07D75D5B29B72F250082A4A5 /* VisitorDAO.swift in Sources */,
				07D75D4A29B623170082A4A5 /* Visitors.swift in Sources */,
				07D75D8B29BB4F4F0082A4A5 /* ReportsPage.swift in Sources */,
				07D75D3A29B614150082A4A5 /* Cashier.swift in Sources */,
				07D75D3429B60CAE0082A4A5 /* Appointment.swift in Sources */,
				07D75D5529B712600082A4A5 /* DoctorDAO.swift in Sources */,
				07D75D7229B9CB840082A4A5 /* RegisterController.swift in Sources */,
				07D75D5929B724860082A4A5 /* UserDAO.swift in Sources */,
				07D75D4F29B628620082A4A5 /* Storage.swift in Sources */,
				076A968F29D5282200275299 /* MobileDAO.swift in Sources */,
				07D75D6F29B9C3870082A4A5 /* Login.swift in Sources */,
			);
			runOnlyForDeploymentPostprocessing = 0;
		};
/* End PBXSourcesBuildPhase section */

/* Begin PBXVariantGroup section */
		07D75D2729B607490082A4A5 /* LaunchScreen.storyboard */ = {
			isa = PBXVariantGroup;
			children = (
				07D75D2829B607490082A4A5 /* Base */,
			);
			name = LaunchScreen.storyboard;
			sourceTree = "<group>";
		};
/* End PBXVariantGroup section */

/* Begin XCBuildConfiguration section */
		07D75D2B29B607490082A4A5 /* Debug */ = {
			isa = XCBuildConfiguration;
			buildSettings = {
				ALWAYS_SEARCH_USER_PATHS = NO;
				CLANG_ANALYZER_NONNULL = YES;
				CLANG_ANALYZER_NUMBER_OBJECT_CONVERSION = YES_AGGRESSIVE;
				CLANG_CXX_LANGUAGE_STANDARD = "gnu++20";
				CLANG_ENABLE_MODULES = YES;
				CLANG_ENABLE_OBJC_ARC = YES;
				CLANG_ENABLE_OBJC_WEAK = YES;
				CLANG_WARN_BLOCK_CAPTURE_AUTORELEASING = YES;
				CLANG_WARN_BOOL_CONVERSION = YES;
				CLANG_WARN_COMMA = YES;
				CLANG_WARN_CONSTANT_CONVERSION = YES;
				CLANG_WARN_DEPRECATED_OBJC_IMPLEMENTATIONS = YES;
				CLANG_WARN_DIRECT_OBJC_ISA_USAGE = YES_ERROR;
				CLANG_WARN_DOCUMENTATION_COMMENTS = YES;
				CLANG_WARN_EMPTY_BODY = YES;
				CLANG_WARN_ENUM_CONVERSION = YES;
				CLANG_WARN_INFINITE_RECURSION = YES;
				CLANG_WARN_INT_CONVERSION = YES;
				CLANG_WARN_NON_LITERAL_NULL_CONVERSION = YES;
				CLANG_WARN_OBJC_IMPLICIT_RETAIN_SELF = YES;
				CLANG_WARN_OBJC_LITERAL_CONVERSION = YES;
				CLANG_WARN_OBJC_ROOT_CLASS = YES_ERROR;
				CLANG_WARN_QUOTED_INCLUDE_IN_FRAMEWORK_HEADER = YES;
				CLANG_WARN_RANGE_LOOP_ANALYSIS = YES;
				CLANG_WARN_STRICT_PROTOTYPES = YES;
				CLANG_WARN_SUSPICIOUS_MOVE = YES;
				CLANG_WARN_UNGUARDED_AVAILABILITY = YES_AGGRESSIVE;
				CLANG_WARN_UNREACHABLE_CODE = YES;
				CLANG_WARN__DUPLICATE_METHOD_MATCH = YES;
				COPY_PHASE_STRIP = NO;
				DEBUG_INFORMATION_FORMAT = dwarf;
				ENABLE_STRICT_OBJC_MSGSEND = YES;
				ENABLE_TESTABILITY = YES;
				GCC_C_LANGUAGE_STANDARD = gnu11;
				GCC_DYNAMIC_NO_PIC = NO;
				GCC_NO_COMMON_BLOCKS = YES;
				GCC_OPTIMIZATION_LEVEL = 0;
				GCC_PREPROCESSOR_DEFINITIONS = (
					"DEBUG=1",
					"$(inherited)",
				);
				GCC_WARN_64_TO_32_BIT_CONVERSION = YES;
				GCC_WARN_ABOUT_RETURN_TYPE = YES_ERROR;
				GCC_WARN_UNDECLARED_SELECTOR = YES;
				GCC_WARN_UNINITIALIZED_AUTOS = YES_AGGRESSIVE;
				GCC_WARN_UNUSED_FUNCTION = YES;
				GCC_WARN_UNUSED_VARIABLE = YES;
				IPHONEOS_DEPLOYMENT_TARGET = 16.2;
				MTL_ENABLE_DEBUG_INFO = INCLUDE_SOURCE;
				MTL_FAST_MATH = YES;
				ONLY_ACTIVE_ARCH = YES;
				SDKROOT = iphoneos;
				SWIFT_ACTIVE_COMPILATION_CONDITIONS = DEBUG;
				SWIFT_OPTIMIZATION_LEVEL = "-Onone";
			};
			name = Debug;
		};
		07D75D2C29B607490082A4A5 /* Release */ = {
			isa = XCBuildConfiguration;
			buildSettings = {
				ALWAYS_SEARCH_USER_PATHS = NO;
				CLANG_ANALYZER_NONNULL = YES;
				CLANG_ANALYZER_NUMBER_OBJECT_CONVERSION = YES_AGGRESSIVE;
				CLANG_CXX_LANGUAGE_STANDARD = "gnu++20";
				CLANG_ENABLE_MODULES = YES;
				CLANG_ENABLE_OBJC_ARC = YES;
				CLANG_ENABLE_OBJC_WEAK = YES;
				CLANG_WARN_BLOCK_CAPTURE_AUTORELEASING = YES;
				CLANG_WARN_BOOL_CONVERSION = YES;
				CLANG_WARN_COMMA = YES;
				CLANG_WARN_CONSTANT_CONVERSION = YES;
				CLANG_WARN_DEPRECATED_OBJC_IMPLEMENTATIONS = YES;
				CLANG_WARN_DIRECT_OBJC_ISA_USAGE = YES_ERROR;
				CLANG_WARN_DOCUMENTATION_COMMENTS = YES;
				CLANG_WARN_EMPTY_BODY = YES;
				CLANG_WARN_ENUM_CONVERSION = YES;
				CLANG_WARN_INFINITE_RECURSION = YES;
				CLANG_WARN_INT_CONVERSION = YES;
				CLANG_WARN_NON_LITERAL_NULL_CONVERSION = YES;
				CLANG_WARN_OBJC_IMPLICIT_RETAIN_SELF = YES;
				CLANG_WARN_OBJC_LITERAL_CONVERSION = YES;
				CLANG_WARN_OBJC_ROOT_CLASS = YES_ERROR;
				CLANG_WARN_QUOTED_INCLUDE_IN_FRAMEWORK_HEADER = YES;
				CLANG_WARN_RANGE_LOOP_ANALYSIS = YES;
				CLANG_WARN_STRICT_PROTOTYPES = YES;
				CLANG_WARN_SUSPICIOUS_MOVE = YES;
				CLANG_WARN_UNGUARDED_AVAILABILITY = YES_AGGRESSIVE;
				CLANG_WARN_UNREACHABLE_CODE = YES;
				CLANG_WARN__DUPLICATE_METHOD_MATCH = YES;
				COPY_PHASE_STRIP = NO;
				DEBUG_INFORMATION_FORMAT = "dwarf-with-dsym";
				ENABLE_NS_ASSERTIONS = NO;
				ENABLE_STRICT_OBJC_MSGSEND = YES;
				GCC_C_LANGUAGE_STANDARD = gnu11;
				GCC_NO_COMMON_BLOCKS = YES;
				GCC_WARN_64_TO_32_BIT_CONVERSION = YES;
				GCC_WARN_ABOUT_RETURN_TYPE = YES_ERROR;
				GCC_WARN_UNDECLARED_SELECTOR = YES;
				GCC_WARN_UNINITIALIZED_AUTOS = YES_AGGRESSIVE;
				GCC_WARN_UNUSED_FUNCTION = YES;
				GCC_WARN_UNUSED_VARIABLE = YES;
				IPHONEOS_DEPLOYMENT_TARGET = 16.2;
				MTL_ENABLE_DEBUG_INFO = NO;
				MTL_FAST_MATH = YES;
				SDKROOT = iphoneos;
				SWIFT_COMPILATION_MODE = wholemodule;
				SWIFT_OPTIMIZATION_LEVEL = "-O";
				VALIDATE_PRODUCT = YES;
			};
			name = Release;
		};
		07D75D2E29B607490082A4A5 /* Debug */ = {
			isa = XCBuildConfiguration;
			buildSettings = {
				ASSETCATALOG_COMPILER_APPICON_NAME = AppIcon;
				ASSETCATALOG_COMPILER_GLOBAL_ACCENT_COLOR_NAME = AccentColor;
				ASSETCATALOG_COMPILER_INCLUDE_ALL_APPICON_ASSETS = NO;
				CODE_SIGN_STYLE = Automatic;
				CURRENT_PROJECT_VERSION = 1;
				DEVELOPMENT_TEAM = VTN9V7QDN2;
				GENERATE_INFOPLIST_FILE = YES;
				INFOPLIST_FILE = "Demo-App/Info.plist";
				INFOPLIST_KEY_UIApplicationSupportsIndirectInputEvents = YES;
				INFOPLIST_KEY_UILaunchStoryboardName = LaunchScreen;
				INFOPLIST_KEY_UISupportedInterfaceOrientations_iPad = "UIInterfaceOrientationPortrait UIInterfaceOrientationPortraitUpsideDown UIInterfaceOrientationLandscapeLeft UIInterfaceOrientationLandscapeRight";
				INFOPLIST_KEY_UISupportedInterfaceOrientations_iPhone = "UIInterfaceOrientationPortrait UIInterfaceOrientationLandscapeLeft UIInterfaceOrientationLandscapeRight";
				IPHONEOS_DEPLOYMENT_TARGET = 15.0;
				LD_RUNPATH_SEARCH_PATHS = (
					"$(inherited)",
					"@executable_path/Frameworks",
				);
				MARKETING_VERSION = 1.0;
				PRODUCT_BUNDLE_IDENTIFIER = "me.Deepak.Demo-App";
				PRODUCT_NAME = "$(TARGET_NAME)";
				SWIFT_EMIT_LOC_STRINGS = YES;
				SWIFT_VERSION = 5.0;
				TARGETED_DEVICE_FAMILY = "1,2";
			};
			name = Debug;
		};
		07D75D2F29B607490082A4A5 /* Release */ = {
			isa = XCBuildConfiguration;
			buildSettings = {
				ASSETCATALOG_COMPILER_APPICON_NAME = AppIcon;
				ASSETCATALOG_COMPILER_GLOBAL_ACCENT_COLOR_NAME = AccentColor;
				ASSETCATALOG_COMPILER_INCLUDE_ALL_APPICON_ASSETS = NO;
				CODE_SIGN_STYLE = Automatic;
				CURRENT_PROJECT_VERSION = 1;
				DEVELOPMENT_TEAM = VTN9V7QDN2;
				GENERATE_INFOPLIST_FILE = YES;
				INFOPLIST_FILE = "Demo-App/Info.plist";
				INFOPLIST_KEY_UIApplicationSupportsIndirectInputEvents = YES;
				INFOPLIST_KEY_UILaunchStoryboardName = LaunchScreen;
				INFOPLIST_KEY_UISupportedInterfaceOrientations_iPad = "UIInterfaceOrientationPortrait UIInterfaceOrientationPortraitUpsideDown UIInterfaceOrientationLandscapeLeft UIInterfaceOrientationLandscapeRight";
				INFOPLIST_KEY_UISupportedInterfaceOrientations_iPhone = "UIInterfaceOrientationPortrait UIInterfaceOrientationLandscapeLeft UIInterfaceOrientationLandscapeRight";
				IPHONEOS_DEPLOYMENT_TARGET = 15.0;
				LD_RUNPATH_SEARCH_PATHS = (
					"$(inherited)",
					"@executable_path/Frameworks",
				);
				MARKETING_VERSION = 1.0;
				PRODUCT_BUNDLE_IDENTIFIER = "me.Deepak.Demo-App";
				PRODUCT_NAME = "$(TARGET_NAME)";
				SWIFT_EMIT_LOC_STRINGS = YES;
				SWIFT_VERSION = 5.0;
				TARGETED_DEVICE_FAMILY = "1,2";
			};
			name = Release;
		};
/* End XCBuildConfiguration section */

/* Begin XCConfigurationList section */
		07D75D1429B607480082A4A5 /* Build configuration list for PBXProject "Demo-App" */ = {
			isa = XCConfigurationList;
			buildConfigurations = (
				07D75D2B29B607490082A4A5 /* Debug */,
				07D75D2C29B607490082A4A5 /* Release */,
			);
			defaultConfigurationIsVisible = 0;
			defaultConfigurationName = Release;
		};
		07D75D2D29B607490082A4A5 /* Build configuration list for PBXNativeTarget "Demo-App" */ = {
			isa = XCConfigurationList;
			buildConfigurations = (
				07D75D2E29B607490082A4A5 /* Debug */,
				07D75D2F29B607490082A4A5 /* Release */,
			);
			defaultConfigurationIsVisible = 0;
			defaultConfigurationName = Release;
		};
/* End XCConfigurationList section */
	};
	rootObject = 07D75D1129B607480082A4A5 /* Project object */;
}
